{
  "requires": true,
  "lockfileVersion": 1,
  "dependencies": {
    "install": {
      "version": "0.13.0",
      "resolved": "https://registry.npm.taobao.org/install/download/install-0.13.0.tgz",
      "integrity": "sha1-avbp2p3QmH3iq0IPeOYNnBcmB3Y=",
      "dev": true
    },
    "tslib": {
      "version": "2.0.0",
      "resolved": "https://registry.npm.taobao.org/tslib/download/tslib-2.0.0.tgz?cache=0&sync_timestamp=1589411820927&other_urls=https%3A%2F%2Fregistry.npm.taobao.org%2Ftslib%2Fdownload%2Ftslib-2.0.0.tgz",
      "integrity": "sha1-GNE/wtzgQFHiDwdMyDh/2Aic5PM=",
      "dev": true
    }
  }
}
